// !$*UTF8*$!
{
	archiveVersion = 1;
	classes = {
	};
	objectVersion = 46;
	objects = {

/* Begin PBXBuildFile section */
		D2F2C33C1BD89F6D00DA3B08 /* Macro_ShtgkArea.plist in Resources */ = {isa = PBXBuildFile; fileRef = D2F2C33B1BD89F6D00DA3B08 /* Macro_ShtgkArea.plist */; };
		D2F2C33E1BD8A0B800DA3B08 /* Macro_Shtgk.plist in Resources */ = {isa = PBXBuildFile; fileRef = D2F2C33D1BD8A0B800DA3B08 /* Macro_Shtgk.plist */; };
		D2F2C3401BD8A1F200DA3B08 /* Macro_Ensei.plist in Resources */ = {isa = PBXBuildFile; fileRef = D2F2C33F1BD8A1F200DA3B08 /* Macro_Ensei.plist */; };
		D2F2C3421BD8A6F600DA3B08 /* Macro_Other.plist in Resources */ = {isa = PBXBuildFile; fileRef = D2F2C3411BD8A6F500DA3B08 /* Macro_Other.plist */; };
		D2FBBC7C1B5518B100017BB5 /* AppDelegate.m in Sources */ = {isa = PBXBuildFile; fileRef = D2FBBC7B1B5518B100017BB5 /* AppDelegate.m */; };
		D2FBBC7E1B5518B100017BB5 /* main.m in Sources */ = {isa = PBXBuildFile; fileRef = D2FBBC7D1B5518B100017BB5 /* main.m */; };
		D2FBBC801B5518B100017BB5 /* Images.xcassets in Resources */ = {isa = PBXBuildFile; fileRef = D2FBBC7F1B5518B100017BB5 /* Images.xcassets */; };
		D2FBBC831B5518B100017BB5 /* MainMenu.xib in Resources */ = {isa = PBXBuildFile; fileRef = D2FBBC811B5518B100017BB5 /* MainMenu.xib */; };
		D2FBBC8F1B5518B100017BB5 /* KancolleToolTests.m in Sources */ = {isa = PBXBuildFile; fileRef = D2FBBC8E1B5518B100017BB5 /* KancolleToolTests.m */; };
		D2FBBCA11B5519BD00017BB5 /* Keybind.plist in Resources */ = {isa = PBXBuildFile; fileRef = D2FBBC9C1B5519BD00017BB5 /* Keybind.plist */; };
		D2FBBCA21B5519BD00017BB5 /* Macro_Bokou.plist in Resources */ = {isa = PBXBuildFile; fileRef = D2FBBC9D1B5519BD00017BB5 /* Macro_Bokou.plist */; };
		D2FBBCA31B5519BD00017BB5 /* Mode.plist in Resources */ = {isa = PBXBuildFile; fileRef = D2FBBC9E1B5519BD00017BB5 /* Mode.plist */; };
		D2FBBCA41B5519BD00017BB5 /* Pointid.plist in Resources */ = {isa = PBXBuildFile; fileRef = D2FBBC9F1B5519BD00017BB5 /* Pointid.plist */; };
		D2FBBCA51B5519BD00017BB5 /* PointidToMode.plist in Resources */ = {isa = PBXBuildFile; fileRef = D2FBBCA01B5519BD00017BB5 /* PointidToMode.plist */; };
		D2FBBCA91B551A0400017BB5 /* WebAccess.m in Sources */ = {isa = PBXBuildFile; fileRef = D2FBBCA81B551A0400017BB5 /* WebAccess.m */; };
		D2FBBCAD1B553F0900017BB5 /* Widget.plist in Resources */ = {isa = PBXBuildFile; fileRef = D2FBBCAC1B553F0900017BB5 /* Widget.plist */; };
		D2FBBCBA1B5540C600017BB5 /* KancolleData.m in Sources */ = {isa = PBXBuildFile; fileRef = D2FBBCAF1B5540C600017BB5 /* KancolleData.m */; };
		D2FBBCBB1B5540C600017BB5 /* Keybind.m in Sources */ = {isa = PBXBuildFile; fileRef = D2FBBCB11B5540C600017BB5 /* Keybind.m */; };
		D2FBBCBC1B5540C600017BB5 /* KeybindTable.m in Sources */ = {isa = PBXBuildFile; fileRef = D2FBBCB31B5540C600017BB5 /* KeybindTable.m */; };
		D2FBBCBD1B5540C600017BB5 /* Macro.m in Sources */ = {isa = PBXBuildFile; fileRef = D2FBBCB51B5540C600017BB5 /* Macro.m */; };
		D2FBBCBE1B5540C600017BB5 /* Mode.m in Sources */ = {isa = PBXBuildFile; fileRef = D2FBBCB71B5540C600017BB5 /* Mode.m */; };
		D2FBBCBF1B5540C600017BB5 /* Pointid.m in Sources */ = {isa = PBXBuildFile; fileRef = D2FBBCB91B5540C600017BB5 /* Pointid.m */; };
		D2FBBCC21B5540E800017BB5 /* ClickPoint.m in Sources */ = {isa = PBXBuildFile; fileRef = D2FBBCC11B5540E800017BB5 /* ClickPoint.m */; };
		D2FBBCC81B56824000017BB5 /* PointidToMode.m in Sources */ = {isa = PBXBuildFile; fileRef = D2FBBCC71B56824000017BB5 /* PointidToMode.m */; };
/* End PBXBuildFile section */

/* Begin PBXContainerItemProxy section */
		D2FBBC891B5518B100017BB5 /* PBXContainerItemProxy */ = {
			isa = PBXContainerItemProxy;
			containerPortal = D2FBBC6D1B5518B100017BB5 /* Project object */;
			proxyType = 1;
			remoteGlobalIDString = D2FBBC741B5518B100017BB5;
			remoteInfo = KancolleTool;
		};
/* End PBXContainerItemProxy section */

/* Begin PBXFileReference section */
		D2F2C33B1BD89F6D00DA3B08 /* Macro_ShtgkArea.plist */ = {isa = PBXFileReference; fileEncoding = 4; lastKnownFileType = text.plist.xml; path = Macro_ShtgkArea.plist; sourceTree = "<group>"; };
		D2F2C33D1BD8A0B800DA3B08 /* Macro_Shtgk.plist */ = {isa = PBXFileReference; fileEncoding = 4; lastKnownFileType = text.plist.xml; path = Macro_Shtgk.plist; sourceTree = "<group>"; };
		D2F2C33F1BD8A1F200DA3B08 /* Macro_Ensei.plist */ = {isa = PBXFileReference; fileEncoding = 4; lastKnownFileType = text.plist.xml; path = Macro_Ensei.plist; sourceTree = "<group>"; };
		D2F2C3411BD8A6F500DA3B08 /* Macro_Other.plist */ = {isa = PBXFileReference; fileEncoding = 4; lastKnownFileType = text.plist.xml; path = Macro_Other.plist; sourceTree = "<group>"; };
		D2FBBC751B5518B100017BB5 /* KancolleTool.app */ = {isa = PBXFileReference; explicitFileType = wrapper.application; includeInIndex = 0; path = KancolleTool.app; sourceTree = BUILT_PRODUCTS_DIR; };
		D2FBBC791B5518B100017BB5 /* Info.plist */ = {isa = PBXFileReference; lastKnownFileType = text.plist.xml; path = Info.plist; sourceTree = "<group>"; };
		D2FBBC7A1B5518B100017BB5 /* AppDelegate.h */ = {isa = PBXFileReference; lastKnownFileType = sourcecode.c.h; path = AppDelegate.h; sourceTree = "<group>"; };
		D2FBBC7B1B5518B100017BB5 /* AppDelegate.m */ = {isa = PBXFileReference; lastKnownFileType = sourcecode.c.objc; path = AppDelegate.m; sourceTree = "<group>"; };
		D2FBBC7D1B5518B100017BB5 /* main.m */ = {isa = PBXFileReference; lastKnownFileType = sourcecode.c.objc; path = main.m; sourceTree = "<group>"; };
		D2FBBC7F1B5518B100017BB5 /* Images.xcassets */ = {isa = PBXFileReference; lastKnownFileType = folder.assetcatalog; path = Images.xcassets; sourceTree = "<group>"; };
		D2FBBC821B5518B100017BB5 /* Base */ = {isa = PBXFileReference; lastKnownFileType = file.xib; name = Base; path = Base.lproj/MainMenu.xib; sourceTree = "<group>"; };
		D2FBBC881B5518B100017BB5 /* KancolleToolTests.xctest */ = {isa = PBXFileReference; explicitFileType = wrapper.cfbundle; includeInIndex = 0; path = KancolleToolTests.xctest; sourceTree = BUILT_PRODUCTS_DIR; };
		D2FBBC8D1B5518B100017BB5 /* Info.plist */ = {isa = PBXFileReference; lastKnownFileType = text.plist.xml; path = Info.plist; sourceTree = "<group>"; };
		D2FBBC8E1B5518B100017BB5 /* KancolleToolTests.m */ = {isa = PBXFileReference; lastKnownFileType = sourcecode.c.objc; path = KancolleToolTests.m; sourceTree = "<group>"; };
		D2FBBC9C1B5519BD00017BB5 /* Keybind.plist */ = {isa = PBXFileReference; fileEncoding = 4; lastKnownFileType = text.plist.xml; path = Keybind.plist; sourceTree = "<group>"; };
		D2FBBC9D1B5519BD00017BB5 /* Macro_Bokou.plist */ = {isa = PBXFileReference; fileEncoding = 4; lastKnownFileType = text.plist.xml; path = Macro_Bokou.plist; sourceTree = "<group>"; };
		D2FBBC9E1B5519BD00017BB5 /* Mode.plist */ = {isa = PBXFileReference; fileEncoding = 4; lastKnownFileType = text.plist.xml; path = Mode.plist; sourceTree = "<group>"; };
		D2FBBC9F1B5519BD00017BB5 /* Pointid.plist */ = {isa = PBXFileReference; fileEncoding = 4; lastKnownFileType = text.plist.xml; path = Pointid.plist; sourceTree = "<group>"; };
		D2FBBCA01B5519BD00017BB5 /* PointidToMode.plist */ = {isa = PBXFileReference; fileEncoding = 4; lastKnownFileType = text.plist.xml; path = PointidToMode.plist; sourceTree = "<group>"; };
		D2FBBCA61B5519F300017BB5 /* Chrome.h */ = {isa = PBXFileReference; fileEncoding = 4; lastKnownFileType = sourcecode.c.h; path = Chrome.h; sourceTree = "<group>"; };
		D2FBBCA71B551A0400017BB5 /* WebAccess.h */ = {isa = PBXFileReference; fileEncoding = 4; lastKnownFileType = sourcecode.c.h; path = WebAccess.h; sourceTree = "<group>"; };
		D2FBBCA81B551A0400017BB5 /* WebAccess.m */ = {isa = PBXFileReference; fileEncoding = 4; lastKnownFileType = sourcecode.c.objc; path = WebAccess.m; sourceTree = "<group>"; };
		D2FBBCAC1B553F0900017BB5 /* Widget.plist */ = {isa = PBXFileReference; fileEncoding = 4; lastKnownFileType = text.plist.xml; path = Widget.plist; sourceTree = "<group>"; };
		D2FBBCAE1B5540C600017BB5 /* KancolleData.h */ = {isa = PBXFileReference; fileEncoding = 4; lastKnownFileType = sourcecode.c.h; path = KancolleData.h; sourceTree = "<group>"; };
		D2FBBCAF1B5540C600017BB5 /* KancolleData.m */ = {isa = PBXFileReference; fileEncoding = 4; lastKnownFileType = sourcecode.c.objc; path = KancolleData.m; sourceTree = "<group>"; };
		D2FBBCB01B5540C600017BB5 /* Keybind.h */ = {isa = PBXFileReference; fileEncoding = 4; lastKnownFileType = sourcecode.c.h; path = Keybind.h; sourceTree = "<group>"; };
		D2FBBCB11B5540C600017BB5 /* Keybind.m */ = {isa = PBXFileReference; fileEncoding = 4; lastKnownFileType = sourcecode.c.objc; path = Keybind.m; sourceTree = "<group>"; };
		D2FBBCB21B5540C600017BB5 /* KeybindTable.h */ = {isa = PBXFileReference; fileEncoding = 4; lastKnownFileType = sourcecode.c.h; path = KeybindTable.h; sourceTree = "<group>"; };
		D2FBBCB31B5540C600017BB5 /* KeybindTable.m */ = {isa = PBXFileReference; fileEncoding = 4; lastKnownFileType = sourcecode.c.objc; path = KeybindTable.m; sourceTree = "<group>"; };
		D2FBBCB41B5540C600017BB5 /* Macro.h */ = {isa = PBXFileReference; fileEncoding = 4; lastKnownFileType = sourcecode.c.h; path = Macro.h; sourceTree = "<group>"; };
		D2FBBCB51B5540C600017BB5 /* Macro.m */ = {isa = PBXFileReference; fileEncoding = 4; lastKnownFileType = sourcecode.c.objc; path = Macro.m; sourceTree = "<group>"; };
		D2FBBCB61B5540C600017BB5 /* Mode.h */ = {isa = PBXFileReference; fileEncoding = 4; lastKnownFileType = sourcecode.c.h; path = Mode.h; sourceTree = "<group>"; };
		D2FBBCB71B5540C600017BB5 /* Mode.m */ = {isa = PBXFileReference; fileEncoding = 4; lastKnownFileType = sourcecode.c.objc; path = Mode.m; sourceTree = "<group>"; };
		D2FBBCB81B5540C600017BB5 /* Pointid.h */ = {isa = PBXFileReference; fileEncoding = 4; lastKnownFileType = sourcecode.c.h; path = Pointid.h; sourceTree = "<group>"; };
		D2FBBCB91B5540C600017BB5 /* Pointid.m */ = {isa = PBXFileReference; fileEncoding = 4; lastKnownFileType = sourcecode.c.objc; path = Pointid.m; sourceTree = "<group>"; };
		D2FBBCC01B5540E800017BB5 /* ClickPoint.h */ = {isa = PBXFileReference; fileEncoding = 4; lastKnownFileType = sourcecode.c.h; path = ClickPoint.h; sourceTree = "<group>"; };
		D2FBBCC11B5540E800017BB5 /* ClickPoint.m */ = {isa = PBXFileReference; fileEncoding = 4; lastKnownFileType = sourcecode.c.objc; path = ClickPoint.m; sourceTree = "<group>"; };
		D2FBBCC61B56824000017BB5 /* PointidToMode.h */ = {isa = PBXFileReference; fileEncoding = 4; lastKnownFileType = sourcecode.c.h; path = PointidToMode.h; sourceTree = "<group>"; };
		D2FBBCC71B56824000017BB5 /* PointidToMode.m */ = {isa = PBXFileReference; fileEncoding = 4; lastKnownFileType = sourcecode.c.objc; path = PointidToMode.m; sourceTree = "<group>"; };
/* End PBXFileReference section */

/* Begin PBXFrameworksBuildPhase section */
		D2FBBC721B5518B100017BB5 /* Frameworks */ = {
			isa = PBXFrameworksBuildPhase;
			buildActionMask = 2147483647;
			files = (
			);
			runOnlyForDeploymentPostprocessing = 0;
		};
		D2FBBC851B5518B100017BB5 /* Frameworks */ = {
			isa = PBXFrameworksBuildPhase;
			buildActionMask = 2147483647;
			files = (
			);
			runOnlyForDeploymentPostprocessing = 0;
		};
/* End PBXFrameworksBuildPhase section */

/* Begin PBXGroup section */
		D2FBBC6C1B5518B100017BB5 = {
			isa = PBXGroup;
			children = (
				D2FBBC771B5518B100017BB5 /* KancolleTool */,
				D2FBBC8B1B5518B100017BB5 /* KancolleToolTests */,
				D2FBBC761B5518B100017BB5 /* Products */,
			);
			sourceTree = "<group>";
		};
		D2FBBC761B5518B100017BB5 /* Products */ = {
			isa = PBXGroup;
			children = (
				D2FBBC751B5518B100017BB5 /* KancolleTool.app */,
				D2FBBC881B5518B100017BB5 /* KancolleToolTests.xctest */,
			);
			name = Products;
			sourceTree = "<group>";
		};
		D2FBBC771B5518B100017BB5 /* KancolleTool */ = {
			isa = PBXGroup;
			children = (
				D2FBBC7A1B5518B100017BB5 /* AppDelegate.h */,
				D2FBBC7B1B5518B100017BB5 /* AppDelegate.m */,
				D2FBBC7F1B5518B100017BB5 /* Images.xcassets */,
				D2FBBC811B5518B100017BB5 /* MainMenu.xib */,
				D2FBBC781B5518B100017BB5 /* Supporting Files */,
			);
			path = KancolleTool;
			sourceTree = "<group>";
		};
		D2FBBC781B5518B100017BB5 /* Supporting Files */ = {
			isa = PBXGroup;
			children = (
				D2FBBC9B1B55191700017BB5 /* MouseClick */,
				D2FBBC9A1B5518F600017BB5 /* WebAccess */,
				D2FBBC991B5518E400017BB5 /* DataObject */,
				D2FBBC981B5518C100017BB5 /* Plist */,
				D2FBBC791B5518B100017BB5 /* Info.plist */,
				D2FBBC7D1B5518B100017BB5 /* main.m */,
			);
			name = "Supporting Files";
			sourceTree = "<group>";
		};
		D2FBBC8B1B5518B100017BB5 /* KancolleToolTests */ = {
			isa = PBXGroup;
			children = (
				D2FBBC8E1B5518B100017BB5 /* KancolleToolTests.m */,
				D2FBBC8C1B5518B100017BB5 /* Supporting Files */,
			);
			path = KancolleToolTests;
			sourceTree = "<group>";
		};
		D2FBBC8C1B5518B100017BB5 /* Supporting Files */ = {
			isa = PBXGroup;
			children = (
				D2FBBC8D1B5518B100017BB5 /* Info.plist */,
			);
			name = "Supporting Files";
			sourceTree = "<group>";
		};
		D2FBBC981B5518C100017BB5 /* Plist */ = {
			isa = PBXGroup;
			children = (
				D2FBBC9C1B5519BD00017BB5 /* Keybind.plist */,
				D2FBBC9D1B5519BD00017BB5 /* Macro_Bokou.plist */,
				D2F2C3411BD8A6F500DA3B08 /* Macro_Other.plist */,
				D2F2C33F1BD8A1F200DA3B08 /* Macro_Ensei.plist */,
				D2F2C33D1BD8A0B800DA3B08 /* Macro_Shtgk.plist */,
				D2F2C33B1BD89F6D00DA3B08 /* Macro_ShtgkArea.plist */,
				D2FBBC9E1B5519BD00017BB5 /* Mode.plist */,
				D2FBBC9F1B5519BD00017BB5 /* Pointid.plist */,
				D2FBBCA01B5519BD00017BB5 /* PointidToMode.plist */,
				D2FBBCAC1B553F0900017BB5 /* Widget.plist */,
			);
			name = Plist;
			sourceTree = "<group>";
		};
		D2FBBC991B5518E400017BB5 /* DataObject */ = {
			isa = PBXGroup;
			children = (
				D2FBBCAE1B5540C600017BB5 /* KancolleData.h */,
				D2FBBCAF1B5540C600017BB5 /* KancolleData.m */,
				D2FBBCB01B5540C600017BB5 /* Keybind.h */,
				D2FBBCB11B5540C600017BB5 /* Keybind.m */,
				D2FBBCB21B5540C600017BB5 /* KeybindTable.h */,
				D2FBBCB31B5540C600017BB5 /* KeybindTable.m */,
				D2FBBCB41B5540C600017BB5 /* Macro.h */,
				D2FBBCB51B5540C600017BB5 /* Macro.m */,
				D2FBBCB61B5540C600017BB5 /* Mode.h */,
				D2FBBCB71B5540C600017BB5 /* Mode.m */,
				D2FBBCB81B5540C600017BB5 /* Pointid.h */,
				D2FBBCB91B5540C600017BB5 /* Pointid.m */,
				D2FBBCC61B56824000017BB5 /* PointidToMode.h */,
				D2FBBCC71B56824000017BB5 /* PointidToMode.m */,
			);
			name = DataObject;
			sourceTree = "<group>";
		};
		D2FBBC9A1B5518F600017BB5 /* WebAccess */ = {
			isa = PBXGroup;
			children = (
				D2FBBCA61B5519F300017BB5 /* Chrome.h */,
				D2FBBCA71B551A0400017BB5 /* WebAccess.h */,
				D2FBBCA81B551A0400017BB5 /* WebAccess.m */,
			);
			name = WebAccess;
			sourceTree = "<group>";
		};
		D2FBBC9B1B55191700017BB5 /* MouseClick */ = {
			isa = PBXGroup;
			children = (
				D2FBBCC01B5540E800017BB5 /* ClickPoint.h */,
				D2FBBCC11B5540E800017BB5 /* ClickPoint.m */,
			);
			name = MouseClick;
			sourceTree = "<group>";
		};
/* End PBXGroup section */

/* Begin PBXNativeTarget section */
		D2FBBC741B5518B100017BB5 /* KancolleTool */ = {
			isa = PBXNativeTarget;
			buildConfigurationList = D2FBBC921B5518B100017BB5 /* Build configuration list for PBXNativeTarget "KancolleTool" */;
			buildPhases = (
				D2FBBC711B5518B100017BB5 /* Sources */,
				D2FBBC721B5518B100017BB5 /* Frameworks */,
				D2FBBC731B5518B100017BB5 /* Resources */,
			);
			buildRules = (
			);
			dependencies = (
			);
			name = KancolleTool;
			productName = KancolleTool;
			productReference = D2FBBC751B5518B100017BB5 /* KancolleTool.app */;
			productType = "com.apple.product-type.application";
		};
		D2FBBC871B5518B100017BB5 /* KancolleToolTests */ = {
			isa = PBXNativeTarget;
			buildConfigurationList = D2FBBC951B5518B100017BB5 /* Build configuration list for PBXNativeTarget "KancolleToolTests" */;
			buildPhases = (
				D2FBBC841B5518B100017BB5 /* Sources */,
				D2FBBC851B5518B100017BB5 /* Frameworks */,
				D2FBBC861B5518B100017BB5 /* Resources */,
			);
			buildRules = (
			);
			dependencies = (
				D2FBBC8A1B5518B100017BB5 /* PBXTargetDependency */,
			);
			name = KancolleToolTests;
			productName = KancolleToolTests;
			productReference = D2FBBC881B5518B100017BB5 /* KancolleToolTests.xctest */;
			productType = "com.apple.product-type.bundle.unit-test";
		};
/* End PBXNativeTarget section */

/* Begin PBXProject section */
		D2FBBC6D1B5518B100017BB5 /* Project object */ = {
			isa = PBXProject;
			attributes = {
				LastUpgradeCheck = 0610;
				ORGANIZATIONNAME = "Jonouchi Kouyo";
				TargetAttributes = {
					D2FBBC741B5518B100017BB5 = {
						CreatedOnToolsVersion = 6.1.1;
					};
					D2FBBC871B5518B100017BB5 = {
						CreatedOnToolsVersion = 6.1.1;
						TestTargetID = D2FBBC741B5518B100017BB5;
					};
				};
			};
			buildConfigurationList = D2FBBC701B5518B100017BB5 /* Build configuration list for PBXProject "KancolleTool" */;
			compatibilityVersion = "Xcode 3.2";
			developmentRegion = English;
			hasScannedForEncodings = 0;
			knownRegions = (
				en,
				Base,
			);
			mainGroup = D2FBBC6C1B5518B100017BB5;
			productRefGroup = D2FBBC761B5518B100017BB5 /* Products */;
			projectDirPath = "";
			projectRoot = "";
			targets = (
				D2FBBC741B5518B100017BB5 /* KancolleTool */,
				D2FBBC871B5518B100017BB5 /* KancolleToolTests */,
			);
		};
/* End PBXProject section */

/* Begin PBXResourcesBuildPhase section */
		D2FBBC731B5518B100017BB5 /* Resources */ = {
			isa = PBXResourcesBuildPhase;
			buildActionMask = 2147483647;
			files = (
				D2FBBCA41B5519BD00017BB5 /* Pointid.plist in Resources */,
				D2F2C33E1BD8A0B800DA3B08 /* Macro_Shtgk.plist in Resources */,
				D2F2C3421BD8A6F600DA3B08 /* Macro_Other.plist in Resources */,
				D2FBBC801B5518B100017BB5 /* Images.xcassets in Resources */,
				D2FBBCAD1B553F0900017BB5 /* Widget.plist in Resources */,
				D2FBBCA31B5519BD00017BB5 /* Mode.plist in Resources */,
				D2FBBC831B5518B100017BB5 /* MainMenu.xib in Resources */,
				D2FBBCA11B5519BD00017BB5 /* Keybind.plist in Resources */,
				D2FBBCA21B5519BD00017BB5 /* Macro_Bokou.plist in Resources */,
				D2F2C33C1BD89F6D00DA3B08 /* Macro_ShtgkArea.plist in Resources */,
				D2FBBCA51B5519BD00017BB5 /* PointidToMode.plist in Resources */,
				D2F2C3401BD8A1F200DA3B08 /* Macro_Ensei.plist in Resources */,
			);
			runOnlyForDeploymentPostprocessing = 0;
		};
		D2FBBC861B5518B100017BB5 /* Resources */ = {
			isa = PBXResourcesBuildPhase;
			buildActionMask = 2147483647;
			files = (
			);
			runOnlyForDeploymentPostprocessing = 0;
		};
/* End PBXResourcesBuildPhase section */

/* Begin PBXSourcesBuildPhase section */
		D2FBBC711B5518B100017BB5 /* Sources */ = {
			isa = PBXSourcesBuildPhase;
			buildActionMask = 2147483647;
			files = (
				D2FBBCBA1B5540C600017BB5 /* KancolleData.m in Sources */,
				D2FBBC7E1B5518B100017BB5 /* main.m in Sources */,
				D2FBBCBD1B5540C600017BB5 /* Macro.m in Sources */,
				D2FBBCBF1B5540C600017BB5 /* Pointid.m in Sources */,
				D2FBBCC81B56824000017BB5 /* PointidToMode.m in Sources */,
				D2FBBC7C1B5518B100017BB5 /* AppDelegate.m in Sources */,
				D2FBBCBC1B5540C600017BB5 /* KeybindTable.m in Sources */,
				D2FBBCBB1B5540C600017BB5 /* Keybind.m in Sources */,
				D2FBBCC21B5540E800017BB5 /* ClickPoint.m in Sources */,
				D2FBBCBE1B5540C600017BB5 /* Mode.m in Sources */,
				D2FBBCA91B551A0400017BB5 /* WebAccess.m in Sources */,
			);
			runOnlyForDeploymentPostprocessing = 0;
		};
		D2FBBC841B5518B100017BB5 /* Sources */ = {
			isa = PBXSourcesBuildPhase;
			buildActionMask = 2147483647;
			files = (
				D2FBBC8F1B5518B100017BB5 /* KancolleToolTests.m in Sources */,
			);
			runOnlyForDeploymentPostprocessing = 0;
		};
/* End PBXSourcesBuildPhase section */

/* Begin PBXTargetDependency section */
		D2FBBC8A1B5518B100017BB5 /* PBXTargetDependency */ = {
			isa = PBXTargetDependency;
			target = D2FBBC741B5518B100017BB5 /* KancolleTool */;
			targetProxy = D2FBBC891B5518B100017BB5 /* PBXContainerItemProxy */;
		};
/* End PBXTargetDependency section */

/* Begin PBXVariantGroup section */
		D2FBBC811B5518B100017BB5 /* MainMenu.xib */ = {
			isa = PBXVariantGroup;
			children = (
				D2FBBC821B5518B100017BB5 /* Base */,
			);
			name = MainMenu.xib;
			sourceTree = "<group>";
		};
/* End PBXVariantGroup section */

/* Begin XCBuildConfiguration section */
		D2FBBC901B5518B100017BB5 /* Debug */ = {
			isa = XCBuildConfiguration;
			buildSettings = {
				ALWAYS_SEARCH_USER_PATHS = NO;
				CLANG_CXX_LANGUAGE_STANDARD = "gnu++0x";
				CLANG_CXX_LIBRARY = "libc++";
				CLANG_ENABLE_MODULES = YES;
				CLANG_ENABLE_OBJC_ARC = YES;
				CLANG_WARN_BOOL_CONVERSION = YES;
				CLANG_WARN_CONSTANT_CONVERSION = YES;
				CLANG_WARN_DIRECT_OBJC_ISA_USAGE = YES_ERROR;
				CLANG_WARN_EMPTY_BODY = YES;
				CLANG_WARN_ENUM_CONVERSION = YES;
				CLANG_WARN_INT_CONVERSION = YES;
				CLANG_WARN_OBJC_ROOT_CLASS = YES_ERROR;
				CLANG_WARN_UNREACHABLE_CODE = YES;
				CLANG_WARN__DUPLICATE_METHOD_MATCH = YES;
				CODE_SIGN_IDENTITY = "-";
				COPY_PHASE_STRIP = NO;
				ENABLE_STRICT_OBJC_MSGSEND = YES;
				GCC_C_LANGUAGE_STANDARD = gnu99;
				GCC_DYNAMIC_NO_PIC = NO;
				GCC_OPTIMIZATION_LEVEL = 0;
				GCC_PREPROCESSOR_DEFINITIONS = (
					"DEBUG=1",
					"$(inherited)",
				);
				GCC_SYMBOLS_PRIVATE_EXTERN = NO;
				GCC_WARN_64_TO_32_BIT_CONVERSION = YES;
				GCC_WARN_ABOUT_RETURN_TYPE = YES_ERROR;
				GCC_WARN_UNDECLARED_SELECTOR = YES;
				GCC_WARN_UNINITIALIZED_AUTOS = YES_AGGRESSIVE;
				GCC_WARN_UNUSED_FUNCTION = YES;
				GCC_WARN_UNUSED_VARIABLE = YES;
				MACOSX_DEPLOYMENT_TARGET = 10.10;
				MTL_ENABLE_DEBUG_INFO = YES;
				ONLY_ACTIVE_ARCH = YES;
				SDKROOT = macosx;
			};
			name = Debug;
		};
		D2FBBC911B5518B100017BB5 /* Release */ = {
			isa = XCBuildConfiguration;
			buildSettings = {
				ALWAYS_SEARCH_USER_PATHS = NO;
				CLANG_CXX_LANGUAGE_STANDARD = "gnu++0x";
				CLANG_CXX_LIBRARY = "libc++";
				CLANG_ENABLE_MODULES = YES;
				CLANG_ENABLE_OBJC_ARC = YES;
				CLANG_WARN_BOOL_CONVERSION = YES;
				CLANG_WARN_CONSTANT_CONVERSION = YES;
				CLANG_WARN_DIRECT_OBJC_ISA_USAGE = YES_ERROR;
				CLANG_WARN_EMPTY_BODY = YES;
				CLANG_WARN_ENUM_CONVERSION = YES;
				CLANG_WARN_INT_CONVERSION = YES;
				CLANG_WARN_OBJC_ROOT_CLASS = YES_ERROR;
				CLANG_WARN_UNREACHABLE_CODE = YES;
				CLANG_WARN__DUPLICATE_METHOD_MATCH = YES;
				CODE_SIGN_IDENTITY = "-";
				COPY_PHASE_STRIP = YES;
				DEBUG_INFORMATION_FORMAT = "dwarf-with-dsym";
				ENABLE_NS_ASSERTIONS = NO;
				ENABLE_STRICT_OBJC_MSGSEND = YES;
				GCC_C_LANGUAGE_STANDARD = gnu99;
				GCC_WARN_64_TO_32_BIT_CONVERSION = YES;
				GCC_WARN_ABOUT_RETURN_TYPE = YES_ERROR;
				GCC_WARN_UNDECLARED_SELECTOR = YES;
				GCC_WARN_UNINITIALIZED_AUTOS = YES_AGGRESSIVE;
				GCC_WARN_UNUSED_FUNCTION = YES;
				GCC_WARN_UNUSED_VARIABLE = YES;
				MACOSX_DEPLOYMENT_TARGET = 10.10;
				MTL_ENABLE_DEBUG_INFO = NO;
				SDKROOT = macosx;
			};
			name = Release;
		};
		D2FBBC931B5518B100017BB5 /* Debug */ = {
			isa = XCBuildConfiguration;
			buildSettings = {
				ASSETCATALOG_COMPILER_APPICON_NAME = AppIcon;
				COMBINE_HIDPI_IMAGES = YES;
				INFOPLIST_FILE = KancolleTool/Info.plist;
				LD_RUNPATH_SEARCH_PATHS = "$(inherited) @executable_path/../Frameworks";
				PRODUCT_NAME = "$(TARGET_NAME)";
			};
			name = Debug;
		};
		D2FBBC941B5518B100017BB5 /* Release */ = {
			isa = XCBuildConfiguration;
			buildSettings = {
				ASSETCATALOG_COMPILER_APPICON_NAME = AppIcon;
				COMBINE_HIDPI_IMAGES = YES;
				INFOPLIST_FILE = KancolleTool/Info.plist;
				LD_RUNPATH_SEARCH_PATHS = "$(inherited) @executable_path/../Frameworks";
				PRODUCT_NAME = "$(TARGET_NAME)";
			};
			name = Release;
		};
		D2FBBC961B5518B100017BB5 /* Debug */ = {
			isa = XCBuildConfiguration;
			buildSettings = {
				BUNDLE_LOADER = "$(TEST_HOST)";
				COMBINE_HIDPI_IMAGES = YES;
				FRAMEWORK_SEARCH_PATHS = (
					"$(DEVELOPER_FRAMEWORKS_DIR)",
					"$(inherited)",
				);
				GCC_PREPROCESSOR_DEFINITIONS = (
					"DEBUG=1",
					"$(inherited)",
				);
				INFOPLIST_FILE = KancolleToolTests/Info.plist;
				LD_RUNPATH_SEARCH_PATHS = "$(inherited) @executable_path/../Frameworks @loader_path/../Frameworks";
				PRODUCT_NAME = "$(TARGET_NAME)";
				TEST_HOST = "$(BUILT_PRODUCTS_DIR)/KancolleTool.app/Contents/MacOS/KancolleTool";
			};
			name = Debug;
		};
		D2FBBC971B5518B100017BB5 /* Release */ = {
			isa = XCBuildConfiguration;
			buildSettings = {
				BUNDLE_LOADER = "$(TEST_HOST)";
				COMBINE_HIDPI_IMAGES = YES;
				FRAMEWORK_SEARCH_PATHS = (
					"$(DEVELOPER_FRAMEWORKS_DIR)",
					"$(inherited)",
				);
				INFOPLIST_FILE = KancolleToolTests/Info.plist;
				LD_RUNPATH_SEARCH_PATHS = "$(inherited) @executable_path/../Frameworks @loader_path/../Frameworks";
				PRODUCT_NAME = "$(TARGET_NAME)";
				TEST_HOST = "$(BUILT_PRODUCTS_DIR)/KancolleTool.app/Contents/MacOS/KancolleTool";
			};
			name = Release;
		};
/* End XCBuildConfiguration section */

/* Begin XCConfigurationList section */
		D2FBBC701B5518B100017BB5 /* Build configuration list for PBXProject "KancolleTool" */ = {
			isa = XCConfigurationList;
			buildConfigurations = (
				D2FBBC901B5518B100017BB5 /* Debug */,
				D2FBBC911B5518B100017BB5 /* Release */,
			);
			defaultConfigurationIsVisible = 0;
			defaultConfigurationName = Release;
		};
		D2FBBC921B5518B100017BB5 /* Build configuration list for PBXNativeTarget "KancolleTool" */ = {
			isa = XCConfigurationList;
			buildConfigurations = (
				D2FBBC931B5518B100017BB5 /* Debug */,
				D2FBBC941B5518B100017BB5 /* Release */,
			);
			defaultConfigurationIsVisible = 0;
			defaultConfigurationName = Release;
		};
		D2FBBC951B5518B100017BB5 /* Build configuration list for PBXNativeTarget "KancolleToolTests" */ = {
			isa = XCConfigurationList;
			buildConfigurations = (
				D2FBBC961B5518B100017BB5 /* Debug */,
				D2FBBC971B5518B100017BB5 /* Release */,
			);
			defaultConfigurationIsVisible = 0;
			defaultConfigurationName = Release;
		};
/* End XCConfigurationList section */
	};
	rootObject = D2FBBC6D1B5518B100017BB5 /* Project object */;
}
